
Microsoft Visual Studio Solution File, Format Version 12.00
# Visual Studio Version 17
VisualStudioVersion = 17.3.32611.2
MinimumVisualStudioVersion = 10.0.40219.1
Project("{9A19103F-16F7-4668-BE54-9A1E7A4F7556}") = "YAHAC", "YAHAC\YAHAC.csproj", "{EEB0A4D6-8B57-4104-8976-957D3410D989}"
	ProjectSection(ProjectDependencies) = postProject
		{5271F01E-439F-4427-93E7-3D9AD02B40E1} = {5271F01E-439F-4427-93E7-3D9AD02B40E1}
		{765D91B8-3C86-4371-B949-777625DC8DD6} = {765D91B8-3C86-4371-B949-777625DC8DD6}
	EndProjectSection
EndProject
Project("{9A19103F-16F7-4668-BE54-9A1E7A4F7556}") = "YAHAC.Tests", "YAHAC.Tests\YAHAC.Tests.csproj", "{CB45A199-C7FB-45E5-88BD-DBB259151F79}"
	ProjectSection(ProjectDependencies) = postProject
		{5271F01E-439F-4427-93E7-3D9AD02B40E1} = {5271F01E-439F-4427-93E7-3D9AD02B40E1}
	EndProjectSection
EndProject
Project("{9A19103F-16F7-4668-BE54-9A1E7A4F7556}") = "ITR", "ITR\ITR.csproj", "{5271F01E-439F-4427-93E7-3D9AD02B40E1}"
EndProject
Project("{9A19103F-16F7-4668-BE54-9A1E7A4F7556}") = "YAHAC.Benchmarks", "YAHAC.Benchmarks\YAHAC.Benchmarks.csproj", "{4F1A33C1-79E3-4307-8EE2-693BE7EC8986}"
	ProjectSection(ProjectDependencies) = postProject
		{5271F01E-439F-4427-93E7-3D9AD02B40E1} = {5271F01E-439F-4427-93E7-3D9AD02B40E1}
		{CB45A199-C7FB-45E5-88BD-DBB259151F79} = {CB45A199-C7FB-45E5-88BD-DBB259151F79}
		{EEB0A4D6-8B57-4104-8976-957D3410D989} = {EEB0A4D6-8B57-4104-8976-957D3410D989}
	EndProjectSection
EndProject
Project("{9A19103F-16F7-4668-BE54-9A1E7A4F7556}") = "MinecraftTextBlock_for_dotNET_Core", "MinecraftTextBlock for dotNET Core\MinecraftTextBlock_for_dotNET_Core.csproj", "{765D91B8-3C86-4371-B949-777625DC8DD6}"
EndProject
Project("{8BC9CEB8-8B4A-11D0-8D11-00A0C91BC942}") = "Hy ITR", "Hy ITR\Hy ITR.vcxproj", "{37C605EB-4804-49C9-8335-399B3EDCFAB3}"
EndProject
Project("{9A19103F-16F7-4668-BE54-9A1E7A4F7556}") = "Hy ITR CSharp", "Hy ITR CSharp\Hy ITR CSharp.csproj", "{4669DC0F-C660-4705-B8A8-57E9DA17CC6B}"
EndProject
Project("{9A19103F-16F7-4668-BE54-9A1E7A4F7556}") = "Hy ITR CSharp.DevConsole", "Hy ITR CSharp.DevConsole\Hy ITR CSharp.DevConsole.csproj", "{6557340F-FD23-47F6-A1EA-4E61E68CF4B8}"
EndProject
Project("{FAE04EC0-301F-11D3-BF4B-00C04F79EFBC}") = "Hy ITR CSharp.Tests", "Hy ITR CSharp.Tests\Hy ITR CSharp.Tests.csproj", "{7AE80C2F-891E-4CEE-8F29-BFA86ACC288E}"
EndProject
Global
	GlobalSection(SolutionConfigurationPlatforms) = preSolution
		Debug|Any CPU = Debug|Any CPU
		Debug|x64 = Debug|x64
		Debug|x86 = Debug|x86
		Release|Any CPU = Release|Any CPU
		Release|x64 = Release|x64
		Release|x86 = Release|x86
	EndGlobalSection
	GlobalSection(ProjectConfigurationPlatforms) = postSolution
		{EEB0A4D6-8B57-4104-8976-957D3410D989}.Debug|Any CPU.ActiveCfg = Debug|Any CPU
		{EEB0A4D6-8B57-4104-8976-957D3410D989}.Debug|Any CPU.Build.0 = Debug|Any CPU
		{EEB0A4D6-8B57-4104-8976-957D3410D989}.Debug|x64.ActiveCfg = Debug|Any CPU
		{EEB0A4D6-8B57-4104-8976-957D3410D989}.Debug|x64.Build.0 = Debug|Any CPU
		{EEB0A4D6-8B57-4104-8976-957D3410D989}.Debug|x86.ActiveCfg = Debug|Any CPU
		{EEB0A4D6-8B57-4104-8976-957D3410D989}.Debug|x86.Build.0 = Debug|Any CPU
		{EEB0A4D6-8B57-4104-8976-957D3410D989}.Release|Any CPU.ActiveCfg = Release|Any CPU
		{EEB0A4D6-8B57-4104-8976-957D3410D989}.Release|Any CPU.Build.0 = Release|Any CPU
		{EEB0A4D6-8B57-4104-8976-957D3410D989}.Release|x64.ActiveCfg = Release|Any CPU
		{EEB0A4D6-8B57-4104-8976-957D3410D989}.Release|x64.Build.0 = Release|Any CPU
		{EEB0A4D6-8B57-4104-8976-957D3410D989}.Release|x86.ActiveCfg = Release|Any CPU
		{EEB0A4D6-8B57-4104-8976-957D3410D989}.Release|x86.Build.0 = Release|Any CPU
		{CB45A199-C7FB-45E5-88BD-DBB259151F79}.Debug|Any CPU.ActiveCfg = Debug|Any CPU
		{CB45A199-C7FB-45E5-88BD-DBB259151F79}.Debug|Any CPU.Build.0 = Debug|Any CPU
		{CB45A199-C7FB-45E5-88BD-DBB259151F79}.Debug|x64.ActiveCfg = Debug|Any CPU
		{CB45A199-C7FB-45E5-88BD-DBB259151F79}.Debug|x64.Build.0 = Debug|Any CPU
		{CB45A199-C7FB-45E5-88BD-DBB259151F79}.Debug|x86.ActiveCfg = Debug|Any CPU
		{CB45A199-C7FB-45E5-88BD-DBB259151F79}.Debug|x86.Build.0 = Debug|Any CPU
		{CB45A199-C7FB-45E5-88BD-DBB259151F79}.Release|Any CPU.ActiveCfg = Release|Any CPU
		{CB45A199-C7FB-45E5-88BD-DBB259151F79}.Release|Any CPU.Build.0 = Release|Any CPU
		{CB45A199-C7FB-45E5-88BD-DBB259151F79}.Release|x64.ActiveCfg = Release|Any CPU
		{CB45A199-C7FB-45E5-88BD-DBB259151F79}.Release|x64.Build.0 = Release|Any CPU
		{CB45A199-C7FB-45E5-88BD-DBB259151F79}.Release|x86.ActiveCfg = Release|Any CPU
		{CB45A199-C7FB-45E5-88BD-DBB259151F79}.Release|x86.Build.0 = Release|Any CPU
		{5271F01E-439F-4427-93E7-3D9AD02B40E1}.Debug|Any CPU.ActiveCfg = Debug|Any CPU
		{5271F01E-439F-4427-93E7-3D9AD02B40E1}.Debug|Any CPU.Build.0 = Debug|Any CPU
		{5271F01E-439F-4427-93E7-3D9AD02B40E1}.Debug|x64.ActiveCfg = Debug|x64
		{5271F01E-439F-4427-93E7-3D9AD02B40E1}.Debug|x64.Build.0 = Debug|x64
		{5271F01E-439F-4427-93E7-3D9AD02B40E1}.Debug|x86.ActiveCfg = Debug|x86
		{5271F01E-439F-4427-93E7-3D9AD02B40E1}.Debug|x86.Build.0 = Debug|x86
		{5271F01E-439F-4427-93E7-3D9AD02B40E1}.Release|Any CPU.ActiveCfg = Release|Any CPU
		{5271F01E-439F-4427-93E7-3D9AD02B40E1}.Release|Any CPU.Build.0 = Release|Any CPU
		{5271F01E-439F-4427-93E7-3D9AD02B40E1}.Release|x64.ActiveCfg = Release|x64
		{5271F01E-439F-4427-93E7-3D9AD02B40E1}.Release|x64.Build.0 = Release|x64
		{5271F01E-439F-4427-93E7-3D9AD02B40E1}.Release|x86.ActiveCfg = Release|x86
		{5271F01E-439F-4427-93E7-3D9AD02B40E1}.Release|x86.Build.0 = Release|x86
		{4F1A33C1-79E3-4307-8EE2-693BE7EC8986}.Debug|Any CPU.ActiveCfg = Debug|Any CPU
		{4F1A33C1-79E3-4307-8EE2-693BE7EC8986}.Debug|Any CPU.Build.0 = Debug|Any CPU
		{4F1A33C1-79E3-4307-8EE2-693BE7EC8986}.Debug|x64.ActiveCfg = Debug|Any CPU
		{4F1A33C1-79E3-4307-8EE2-693BE7EC8986}.Debug|x64.Build.0 = Debug|Any CPU
		{4F1A33C1-79E3-4307-8EE2-693BE7EC8986}.Debug|x86.ActiveCfg = Debug|Any CPU
		{4F1A33C1-79E3-4307-8EE2-693BE7EC8986}.Debug|x86.Build.0 = Debug|Any CPU
		{4F1A33C1-79E3-4307-8EE2-693BE7EC8986}.Release|Any CPU.ActiveCfg = Release|Any CPU
		{4F1A33C1-79E3-4307-8EE2-693BE7EC8986}.Release|Any CPU.Build.0 = Release|Any CPU
		{4F1A33C1-79E3-4307-8EE2-693BE7EC8986}.Release|x64.ActiveCfg = Release|Any CPU
		{4F1A33C1-79E3-4307-8EE2-693BE7EC8986}.Release|x64.Build.0 = Release|Any CPU
		{4F1A33C1-79E3-4307-8EE2-693BE7EC8986}.Release|x86.ActiveCfg = Release|Any CPU
		{4F1A33C1-79E3-4307-8EE2-693BE7EC8986}.Release|x86.Build.0 = Release|Any CPU
		{765D91B8-3C86-4371-B949-777625DC8DD6}.Debug|Any CPU.ActiveCfg = Debug|Any CPU
		{765D91B8-3C86-4371-B949-777625DC8DD6}.Debug|Any CPU.Build.0 = Debug|Any CPU
		{765D91B8-3C86-4371-B949-777625DC8DD6}.Debug|x64.ActiveCfg = Debug|Any CPU
		{765D91B8-3C86-4371-B949-777625DC8DD6}.Debug|x64.Build.0 = Debug|Any CPU
		{765D91B8-3C86-4371-B949-777625DC8DD6}.Debug|x86.ActiveCfg = Debug|Any CPU
		{765D91B8-3C86-4371-B949-777625DC8DD6}.Debug|x86.Build.0 = Debug|Any CPU
		{765D91B8-3C86-4371-B949-777625DC8DD6}.Release|Any CPU.ActiveCfg = Release|Any CPU
		{765D91B8-3C86-4371-B949-777625DC8DD6}.Release|Any CPU.Build.0 = Release|Any CPU
		{765D91B8-3C86-4371-B949-777625DC8DD6}.Release|x64.ActiveCfg = Release|Any CPU
		{765D91B8-3C86-4371-B949-777625DC8DD6}.Release|x64.Build.0 = Release|Any CPU
		{765D91B8-3C86-4371-B949-777625DC8DD6}.Release|x86.ActiveCfg = Release|Any CPU
		{765D91B8-3C86-4371-B949-777625DC8DD6}.Release|x86.Build.0 = Release|Any CPU
		{37C605EB-4804-49C9-8335-399B3EDCFAB3}.Debug|Any CPU.ActiveCfg = Debug|x64
		{37C605EB-4804-49C9-8335-399B3EDCFAB3}.Debug|Any CPU.Build.0 = Debug|x64
		{37C605EB-4804-49C9-8335-399B3EDCFAB3}.Debug|x64.ActiveCfg = Debug|x64
		{37C605EB-4804-49C9-8335-399B3EDCFAB3}.Debug|x64.Build.0 = Debug|x64
		{37C605EB-4804-49C9-8335-399B3EDCFAB3}.Debug|x86.ActiveCfg = Debug|x64
		{37C605EB-4804-49C9-8335-399B3EDCFAB3}.Release|Any CPU.ActiveCfg = Release|x64
		{37C605EB-4804-49C9-8335-399B3EDCFAB3}.Release|Any CPU.Build.0 = Release|x64
		{37C605EB-4804-49C9-8335-399B3EDCFAB3}.Release|x64.ActiveCfg = Release|x64
		{37C605EB-4804-49C9-8335-399B3EDCFAB3}.Release|x64.Build.0 = Release|x64
		{37C605EB-4804-49C9-8335-399B3EDCFAB3}.Release|x86.ActiveCfg = Release|x64
		{4669DC0F-C660-4705-B8A8-57E9DA17CC6B}.Debug|Any CPU.ActiveCfg = Debug|Any CPU
		{4669DC0F-C660-4705-B8A8-57E9DA17CC6B}.Debug|Any CPU.Build.0 = Debug|Any CPU
		{4669DC0F-C660-4705-B8A8-57E9DA17CC6B}.Debug|x64.ActiveCfg = Debug|Any CPU
		{4669DC0F-C660-4705-B8A8-57E9DA17CC6B}.Debug|x64.Build.0 = Debug|Any CPU
		{4669DC0F-C660-4705-B8A8-57E9DA17CC6B}.Debug|x86.ActiveCfg = Debug|Any CPU
		{4669DC0F-C660-4705-B8A8-57E9DA17CC6B}.Debug|x86.Build.0 = Debug|Any CPU
		{4669DC0F-C660-4705-B8A8-57E9DA17CC6B}.Release|Any CPU.ActiveCfg = Release|Any CPU
		{4669DC0F-C660-4705-B8A8-57E9DA17CC6B}.Release|Any CPU.Build.0 = Release|Any CPU
		{4669DC0F-C660-4705-B8A8-57E9DA17CC6B}.Release|x64.ActiveCfg = Release|Any CPU
		{4669DC0F-C660-4705-B8A8-57E9DA17CC6B}.Release|x64.Build.0 = Release|Any CPU
		{4669DC0F-C660-4705-B8A8-57E9DA17CC6B}.Release|x86.ActiveCfg = Release|Any CPU
		{4669DC0F-C660-4705-B8A8-57E9DA17CC6B}.Release|x86.Build.0 = Release|Any CPU
		{6557340F-FD23-47F6-A1EA-4E61E68CF4B8}.Debug|Any CPU.ActiveCfg = Debug|Any CPU
		{6557340F-FD23-47F6-A1EA-4E61E68CF4B8}.Debug|Any CPU.Build.0 = Debug|Any CPU
		{6557340F-FD23-47F6-A1EA-4E61E68CF4B8}.Debug|x64.ActiveCfg = Debug|Any CPU
		{6557340F-FD23-47F6-A1EA-4E61E68CF4B8}.Debug|x64.Build.0 = Debug|Any CPU
		{6557340F-FD23-47F6-A1EA-4E61E68CF4B8}.Debug|x86.ActiveCfg = Debug|Any CPU
		{6557340F-FD23-47F6-A1EA-4E61E68CF4B8}.Debug|x86.Build.0 = Debug|Any CPU
		{6557340F-FD23-47F6-A1EA-4E61E68CF4B8}.Release|Any CPU.ActiveCfg = Release|Any CPU
		{6557340F-FD23-47F6-A1EA-4E61E68CF4B8}.Release|Any CPU.Build.0 = Release|Any CPU
		{6557340F-FD23-47F6-A1EA-4E61E68CF4B8}.Release|x64.ActiveCfg = Release|Any CPU
		{6557340F-FD23-47F6-A1EA-4E61E68CF4B8}.Release|x64.Build.0 = Release|Any CPU
		{6557340F-FD23-47F6-A1EA-4E61E68CF4B8}.Release|x86.ActiveCfg = Release|Any CPU
		{6557340F-FD23-47F6-A1EA-4E61E68CF4B8}.Release|x86.Build.0 = Release|Any CPU
		{7AE80C2F-891E-4CEE-8F29-BFA86ACC288E}.Debug|Any CPU.ActiveCfg = Debug|Any CPU
		{7AE80C2F-891E-4CEE-8F29-BFA86ACC288E}.Debug|Any CPU.Build.0 = Debug|Any CPU
		{7AE80C2F-891E-4CEE-8F29-BFA86ACC288E}.Debug|x64.ActiveCfg = Debug|Any CPU
		{7AE80C2F-891E-4CEE-8F29-BFA86ACC288E}.Debug|x64.Build.0 = Debug|Any CPU
		{7AE80C2F-891E-4CEE-8F29-BFA86ACC288E}.Debug|x86.ActiveCfg = Debug|Any CPU
		{7AE80C2F-891E-4CEE-8F29-BFA86ACC288E}.Debug|x86.Build.0 = Debug|Any CPU
		{7AE80C2F-891E-4CEE-8F29-BFA86ACC288E}.Release|Any CPU.ActiveCfg = Release|Any CPU
		{7AE80C2F-891E-4CEE-8F29-BFA86ACC288E}.Release|Any CPU.Build.0 = Release|Any CPU
		{7AE80C2F-891E-4CEE-8F29-BFA86ACC288E}.Release|x64.ActiveCfg = Release|Any CPU
		{7AE80C2F-891E-4CEE-8F29-BFA86ACC288E}.Release|x64.Build.0 = Release|Any CPU
		{7AE80C2F-891E-4CEE-8F29-BFA86ACC288E}.Release|x86.ActiveCfg = Release|Any CPU
		{7AE80C2F-891E-4CEE-8F29-BFA86ACC288E}.Release|x86.Build.0 = Release|Any CPU
	EndGlobalSection
	GlobalSection(SolutionProperties) = preSolution
		HideSolutionNode = FALSE
	EndGlobalSection
	GlobalSection(ExtensibilityGlobals) = postSolution
		SolutionGuid = {4A584657-E09D-4F22-A9B5-7CDEDD98BA08}
	EndGlobalSection
EndGlobal
